
Microsoft Visual Studio Solution File, Format Version 12.00
# Visual Studio Version 17
VisualStudioVersion = 17.1.32328.378
MinimumVisualStudioVersion = 10.0.40219.1
Project("{FAE04EC0-301F-11D3-BF4B-00C04F79EFBC}") = "AlgorithmPrograms", "AlgorithmPrograms.csproj", "{864A0F5A-6E7E-4C9A-BD8F-DF0791164D22}"
EndProject
Global
	GlobalSection(SolutionConfigurationPlatforms) = preSolution
		Debug|Any CPU = Debug|Any CPU
		Release|Any CPU = Release|Any CPU
	EndGlobalSection
	GlobalSection(ProjectConfigurationPlatforms) = postSolution
		{864A0F5A-6E7E-4C9A-BD8F-DF0791164D22}.Debug|Any CPU.ActiveCfg = Debug|Any CPU
		{864A0F5A-6E7E-4C9A-BD8F-DF0791164D22}.Debug|Any CPU.Build.0 = Debug|Any CPU
		{864A0F5A-6E7E-4C9A-BD8F-DF0791164D22}.Release|Any CPU.ActiveCfg = Release|Any CPU
		{864A0F5A-6E7E-4C9A-BD8F-DF0791164D22}.Release|Any CPU.Build.0 = Release|Any CPU
	EndGlobalSection
	GlobalSection(SolutionProperties) = preSolution
		HideSolutionNode = FALSE
	EndGlobalSection
	GlobalSection(ExtensibilityGlobals) = postSolution
		SolutionGuid = {86904B5E-05BC-4B3A-A131-EE2E116FB6AC}
	EndGlobalSection
EndGlobal
